PODS:
  - Alamofire (4.5.0)
  - MGSwipeTableCell (1.5.6)
  - SwiftyJSON (3.1.4)

DEPENDENCIES:
  - Alamofire (~> 4.4)
  - MGSwipeTableCell
  - SwiftyJSON

SPEC CHECKSUMS:
  Alamofire: f28cdffd29de33a7bfa022cbd63ae95a27fae140
  MGSwipeTableCell: 616700eb0ffd1c611ba909066cb7fd739790a0a7
  SwiftyJSON: c2842d878f95482ffceec5709abc3d05680c0220

PODFILE CHECKSUM: 1a7dcfacb9abfd2ecf8d41722953c30d4f58f5ea

COCOAPODS: 1.2.1
