PODS:
  - Alamofire (4.5.0)
  - SwiftyJSON (3.1.4)
  - WARangeSlider (1.1.1)

DEPENDENCIES:
  - Alamofire (~> 4.4)
  - SwiftyJSON
  - WARangeSlider

SPEC CHECKSUMS:
  Alamofire: f28cdffd29de33a7bfa022cbd63ae95a27fae140
  SwiftyJSON: c2842d878f95482ffceec5709abc3d05680c0220
  WARangeSlider: 54b3e0853b8d16c444fd539005901aecee86837d

PODFILE CHECKSUM: 03df9ef8a559b474f9bfea27a58ef95b84044880

COCOAPODS: 1.2.1
